
Microsoft Visual Studio Solution File, Format Version 12.00
# Visual Studio 15
VisualStudioVersion = 15.0.28307.2092
MinimumVisualStudioVersion = 10.0.40219.1
Project("{9A19103F-16F7-4668-BE54-9A1E7A4F7556}") = "SampleAPI", "SampleAPI\SampleAPI.csproj", "{54D2CB6D-FC85-4F7A-A780-B23DAB38A1A7}"
EndProject
Project("{FAE04EC0-301F-11D3-BF4B-00C04F79EFBC}") = "ReactSampleAPI", "ReactSampleAPI\ReactSampleAPI.csproj", "{5883E840-8CE6-43EA-92A5-9F28300C438F}"
EndProject
Global
	GlobalSection(SolutionConfigurationPlatforms) = preSolution
		Debug|Any CPU = Debug|Any CPU
		Release|Any CPU = Release|Any CPU
	EndGlobalSection
	GlobalSection(ProjectConfigurationPlatforms) = postSolution
		{54D2CB6D-FC85-4F7A-A780-B23DAB38A1A7}.Debug|Any CPU.ActiveCfg = Debug|Any CPU
		{54D2CB6D-FC85-4F7A-A780-B23DAB38A1A7}.Debug|Any CPU.Build.0 = Debug|Any CPU
		{54D2CB6D-FC85-4F7A-A780-B23DAB38A1A7}.Release|Any CPU.ActiveCfg = Release|Any CPU
		{54D2CB6D-FC85-4F7A-A780-B23DAB38A1A7}.Release|Any CPU.Build.0 = Release|Any CPU
		{5883E840-8CE6-43EA-92A5-9F28300C438F}.Debug|Any CPU.ActiveCfg = Debug|Any CPU
		{5883E840-8CE6-43EA-92A5-9F28300C438F}.Debug|Any CPU.Build.0 = Debug|Any CPU
		{5883E840-8CE6-43EA-92A5-9F28300C438F}.Release|Any CPU.ActiveCfg = Release|Any CPU
		{5883E840-8CE6-43EA-92A5-9F28300C438F}.Release|Any CPU.Build.0 = Release|Any CPU
	EndGlobalSection
	GlobalSection(SolutionProperties) = preSolution
		HideSolutionNode = FALSE
	EndGlobalSection
	GlobalSection(ExtensibilityGlobals) = postSolution
		SolutionGuid = {FDBB4775-F7B8-4920-BB11-C6F21AD2D6F7}
	EndGlobalSection
EndGlobal
